// !$*UTF8*$!
{
	archiveVersion = 1;
	classes = {
	};
	objectVersion = 48;
	objects = {

/* Begin PBXBuildFile section */
		500D03331FF680D0000E5EC5 /* Social.framework in Frameworks */ = {isa = PBXBuildFile; fileRef = 500D03321FF680C7000E5EC5 /* Social.framework */; };
		500D03351FF694FE000E5EC5 /* MessageUI.framework in Frameworks */ = {isa = PBXBuildFile; fileRef = 500D03341FF694F6000E5EC5 /* MessageUI.framework */; };
		507F478D1FF4EF2E0043C317 /* AppDelegate.swift in Sources */ = {isa = PBXBuildFile; fileRef = 507F478C1FF4EF2E0043C317 /* AppDelegate.swift */; };
		507F478F1FF4EF2E0043C317 /* ViewController.swift in Sources */ = {isa = PBXBuildFile; fileRef = 507F478E1FF4EF2E0043C317 /* ViewController.swift */; };
		507F47921FF4EF2E0043C317 /* Main.storyboard in Resources */ = {isa = PBXBuildFile; fileRef = 507F47901FF4EF2E0043C317 /* Main.storyboard */; };
		507F47941FF4EF2E0043C317 /* Assets.xcassets in Resources */ = {isa = PBXBuildFile; fileRef = 507F47931FF4EF2E0043C317 /* Assets.xcassets */; };
		507F47971FF4EF2E0043C317 /* LaunchScreen.storyboard in Resources */ = {isa = PBXBuildFile; fileRef = 507F47951FF4EF2E0043C317 /* LaunchScreen.storyboard */; };
		50EF27781FF54FAE005CE9EC /* GameViewController.swift in Sources */ = {isa = PBXBuildFile; fileRef = 50EF27771FF54FAE005CE9EC /* GameViewController.swift */; };
		50EF277A1FF63818005CE9EC /* EndViewController.swift in Sources */ = {isa = PBXBuildFile; fileRef = 50EF27791FF63818005CE9EC /* EndViewController.swift */; };
/* End PBXBuildFile section */

/* Begin PBXFileReference section */
		500D03321FF680C7000E5EC5 /* Social.framework */ = {isa = PBXFileReference; lastKnownFileType = wrapper.framework; name = Social.framework; path = System/Library/Frameworks/Social.framework; sourceTree = SDKROOT; };
		500D03341FF694F6000E5EC5 /* MessageUI.framework */ = {isa = PBXFileReference; lastKnownFileType = wrapper.framework; name = MessageUI.framework; path = System/Library/Frameworks/MessageUI.framework; sourceTree = SDKROOT; };
		507F47891FF4EF2E0043C317 /* Tappy Hands.app */ = {isa = PBXFileReference; explicitFileType = wrapper.application; includeInIndex = 0; path = "Tappy Hands.app"; sourceTree = BUILT_PRODUCTS_DIR; };
		507F478C1FF4EF2E0043C317 /* AppDelegate.swift */ = {isa = PBXFileReference; lastKnownFileType = sourcecode.swift; path = AppDelegate.swift; sourceTree = "<group>"; };
		507F478E1FF4EF2E0043C317 /* ViewController.swift */ = {isa = PBXFileReference; lastKnownFileType = sourcecode.swift; path = ViewController.swift; sourceTree = "<group>"; };
		507F47911FF4EF2E0043C317 /* Base */ = {isa = PBXFileReference; lastKnownFileType = file.storyboard; name = Base; path = Base.lproj/Main.storyboard; sourceTree = "<group>"; };
		507F47931FF4EF2E0043C317 /* Assets.xcassets */ = {isa = PBXFileReference; lastKnownFileType = folder.assetcatalog; path = Assets.xcassets; sourceTree = "<group>"; };
		507F47961FF4EF2E0043C317 /* Base */ = {isa = PBXFileReference; lastKnownFileType = file.storyboard; name = Base; path = Base.lproj/LaunchScreen.storyboard; sourceTree = "<group>"; };
		507F47981FF4EF2E0043C317 /* Info.plist */ = {isa = PBXFileReference; lastKnownFileType = text.plist.xml; path = Info.plist; sourceTree = "<group>"; };
		50EF27771FF54FAE005CE9EC /* GameViewController.swift */ = {isa = PBXFileReference; lastKnownFileType = sourcecode.swift; path = GameViewController.swift; sourceTree = "<group>"; };
		50EF27791FF63818005CE9EC /* EndViewController.swift */ = {isa = PBXFileReference; lastKnownFileType = sourcecode.swift; path = EndViewController.swift; sourceTree = "<group>"; };
/* End PBXFileReference section */

/* Begin PBXFrameworksBuildPhase section */
		507F47861FF4EF2E0043C317 /* Frameworks */ = {
			isa = PBXFrameworksBuildPhase;
			buildActionMask = 2147483647;
			files = (
				500D03331FF680D0000E5EC5 /* Social.framework in Frameworks */,
				500D03351FF694FE000E5EC5 /* MessageUI.framework in Frameworks */,
			);
			runOnlyForDeploymentPostprocessing = 0;
		};
/* End PBXFrameworksBuildPhase section */

/* Begin PBXGroup section */
		500D03311FF680C7000E5EC5 /* Frameworks */ = {
			isa = PBXGroup;
			children = (
				500D03341FF694F6000E5EC5 /* MessageUI.framework */,
				500D03321FF680C7000E5EC5 /* Social.framework */,
			);
			name = Frameworks;
			sourceTree = "<group>";
		};
		507F47801FF4EF2E0043C317 = {
			isa = PBXGroup;
			children = (
				507F478B1FF4EF2E0043C317 /* Tappy Hands */,
				507F478A1FF4EF2E0043C317 /* Products */,
				500D03311FF680C7000E5EC5 /* Frameworks */,
			);
			sourceTree = "<group>";
		};
		507F478A1FF4EF2E0043C317 /* Products */ = {
			isa = PBXGroup;
			children = (
				507F47891FF4EF2E0043C317 /* Tappy Hands.app */,
			);
			name = Products;
			sourceTree = "<group>";
		};
		507F478B1FF4EF2E0043C317 /* Tappy Hands */ = {
			isa = PBXGroup;
			children = (
				507F478C1FF4EF2E0043C317 /* AppDelegate.swift */,
				507F478E1FF4EF2E0043C317 /* ViewController.swift */,
				50EF27771FF54FAE005CE9EC /* GameViewController.swift */,
				507F47901FF4EF2E0043C317 /* Main.storyboard */,
				507F47931FF4EF2E0043C317 /* Assets.xcassets */,
				507F47951FF4EF2E0043C317 /* LaunchScreen.storyboard */,
				507F47981FF4EF2E0043C317 /* Info.plist */,
				50EF27791FF63818005CE9EC /* EndViewController.swift */,
			);
			path = "Tappy Hands";
			sourceTree = "<group>";
		};
/* End PBXGroup section */

/* Begin PBXNativeTarget section */
		507F47881FF4EF2E0043C317 /* Tappy Hands */ = {
			isa = PBXNativeTarget;
			buildConfigurationList = 507F479B1FF4EF2E0043C317 /* Build configuration list for PBXNativeTarget "Tappy Hands" */;
			buildPhases = (
				507F47851FF4EF2E0043C317 /* Sources */,
				507F47861FF4EF2E0043C317 /* Frameworks */,
				507F47871FF4EF2E0043C317 /* Resources */,
			);
			buildRules = (
			);
			dependencies = (
			);
			name = "Tappy Hands";
			productName = "Tappy Hands";
			productReference = 507F47891FF4EF2E0043C317 /* Tappy Hands.app */;
			productType = "com.apple.product-type.application";
		};
/* End PBXNativeTarget section */

/* Begin PBXProject section */
		507F47811FF4EF2E0043C317 /* Project object */ = {
			isa = PBXProject;
			attributes = {
				LastSwiftUpdateCheck = 0910;
				LastUpgradeCheck = 0910;
				ORGANIZATIONNAME = Rashi;
				TargetAttributes = {
					507F47881FF4EF2E0043C317 = {
						CreatedOnToolsVersion = 9.1;
						ProvisioningStyle = Automatic;
					};
				};
			};
			buildConfigurationList = 507F47841FF4EF2E0043C317 /* Build configuration list for PBXProject "Tappy Hands" */;
			compatibilityVersion = "Xcode 8.0";
			developmentRegion = en;
			hasScannedForEncodings = 0;
			knownRegions = (
				en,
				Base,
			);
			mainGroup = 507F47801FF4EF2E0043C317;
			productRefGroup = 507F478A1FF4EF2E0043C317 /* Products */;
			projectDirPath = "";
			projectRoot = "";
			targets = (
				507F47881FF4EF2E0043C317 /* Tappy Hands */,
			);
		};
/* End PBXProject section */

/* Begin PBXResourcesBuildPhase section */
		507F47871FF4EF2E0043C317 /* Resources */ = {
			isa = PBXResourcesBuildPhase;
			buildActionMask = 2147483647;
			files = (
				507F47971FF4EF2E0043C317 /* LaunchScreen.storyboard in Resources */,
				507F47941FF4EF2E0043C317 /* Assets.xcassets in Resources */,
				507F47921FF4EF2E0043C317 /* Main.storyboard in Resources */,
			);
			runOnlyForDeploymentPostprocessing = 0;
		};
/* End PBXResourcesBuildPhase section */

/* Begin PBXSourcesBuildPhase section */
		507F47851FF4EF2E0043C317 /* Sources */ = {
			isa = PBXSourcesBuildPhase;
			buildActionMask = 2147483647;
			files = (
				50EF277A1FF63818005CE9EC /* EndViewController.swift in Sources */,
				507F478F1FF4EF2E0043C317 /* ViewController.swift in Sources */,
				50EF27781FF54FAE005CE9EC /* GameViewController.swift in Sources */,
				507F478D1FF4EF2E0043C317 /* AppDelegate.swift in Sources */,
			);
			runOnlyForDeploymentPostprocessing = 0;
		};
/* End PBXSourcesBuildPhase section */

/* Begin PBXVariantGroup section */
		507F47901FF4EF2E0043C317 /* Main.storyboard */ = {
			isa = PBXVariantGroup;
			children = (
				507F47911FF4EF2E0043C317 /* Base */,
			);
			name = Main.storyboard;
			sourceTree = "<group>";
		};
		507F47951FF4EF2E0043C317 /* LaunchScreen.storyboard */ = {
			isa = PBXVariantGroup;
			children = (
				507F47961FF4EF2E0043C317 /* Base */,
			);
			name = LaunchScreen.storyboard;
			sourceTree = "<group>";
		};
/* End PBXVariantGroup section */

/* Begin XCBuildConfiguration section */
		507F47991FF4EF2E0043C317 /* Debug */ = {
			isa = XCBuildConfiguration;
			buildSettings = {
				ALWAYS_SEARCH_USER_PATHS = NO;
				CLANG_ANALYZER_NONNULL = YES;
				CLANG_ANALYZER_NUMBER_OBJECT_CONVERSION = YES_AGGRESSIVE;
				CLANG_CXX_LANGUAGE_STANDARD = "gnu++14";
				CLANG_CXX_LIBRARY = "libc++";
				CLANG_ENABLE_MODULES = YES;
				CLANG_ENABLE_OBJC_ARC = YES;
				CLANG_WARN_BLOCK_CAPTURE_AUTORELEASING = YES;
				CLANG_WARN_BOOL_CONVERSION = YES;
				CLANG_WARN_COMMA = YES;
				CLANG_WARN_CONSTANT_CONVERSION = YES;
				CLANG_WARN_DIRECT_OBJC_ISA_USAGE = YES_ERROR;
				CLANG_WARN_DOCUMENTATION_COMMENTS = YES;
				CLANG_WARN_EMPTY_BODY = YES;
				CLANG_WARN_ENUM_CONVERSION = YES;
				CLANG_WARN_INFINITE_RECURSION = YES;
				CLANG_WARN_INT_CONVERSION = YES;
				CLANG_WARN_NON_LITERAL_NULL_CONVERSION = YES;
				CLANG_WARN_OBJC_LITERAL_CONVERSION = YES;
				CLANG_WARN_OBJC_ROOT_CLASS = YES_ERROR;
				CLANG_WARN_RANGE_LOOP_ANALYSIS = YES;
				CLANG_WARN_STRICT_PROTOTYPES = YES;
				CLANG_WARN_SUSPICIOUS_MOVE = YES;
				CLANG_WARN_UNGUARDED_AVAILABILITY = YES_AGGRESSIVE;
				CLANG_WARN_UNREACHABLE_CODE = YES;
				CLANG_WARN__DUPLICATE_METHOD_MATCH = YES;
				CODE_SIGN_IDENTITY = "iPhone Developer";
				COPY_PHASE_STRIP = NO;
				DEBUG_INFORMATION_FORMAT = dwarf;
				ENABLE_STRICT_OBJC_MSGSEND = YES;
				ENABLE_TESTABILITY = YES;
				GCC_C_LANGUAGE_STANDARD = gnu11;
				GCC_DYNAMIC_NO_PIC = NO;
				GCC_NO_COMMON_BLOCKS = YES;
				GCC_OPTIMIZATION_LEVEL = 0;
				GCC_PREPROCESSOR_DEFINITIONS = (
					"DEBUG=1",
					"$(inherited)",
				);
				GCC_WARN_64_TO_32_BIT_CONVERSION = YES;
				GCC_WARN_ABOUT_RETURN_TYPE = YES_ERROR;
				GCC_WARN_UNDECLARED_SELECTOR = YES;
				GCC_WARN_UNINITIALIZED_AUTOS = YES_AGGRESSIVE;
				GCC_WARN_UNUSED_FUNCTION = YES;
				GCC_WARN_UNUSED_VARIABLE = YES;
				IPHONEOS_DEPLOYMENT_TARGET = 11.1;
				MTL_ENABLE_DEBUG_INFO = YES;
				ONLY_ACTIVE_ARCH = YES;
				SDKROOT = iphoneos;
				SWIFT_ACTIVE_COMPILATION_CONDITIONS = DEBUG;
				SWIFT_OPTIMIZATION_LEVEL = "-Onone";
			};
			name = Debug;
		};
		507F479A1FF4EF2E0043C317 /* Release */ = {
			isa = XCBuildConfiguration;
			buildSettings = {
				ALWAYS_SEARCH_USER_PATHS = NO;
				CLANG_ANALYZER_NONNULL = YES;
				CLANG_ANALYZER_NUMBER_OBJECT_CONVERSION = YES_AGGRESSIVE;
				CLANG_CXX_LANGUAGE_STANDARD = "gnu++14";
				CLANG_CXX_LIBRARY = "libc++";
				CLANG_ENABLE_MODULES = YES;
				CLANG_ENABLE_OBJC_ARC = YES;
				CLANG_WARN_BLOCK_CAPTURE_AUTORELEASING = YES;
				CLANG_WARN_BOOL_CONVERSION = YES;
				CLANG_WARN_COMMA = YES;
				CLANG_WARN_CONSTANT_CONVERSION = YES;
				CLANG_WARN_DIRECT_OBJC_ISA_USAGE = YES_ERROR;
				CLANG_WARN_DOCUMENTATION_COMMENTS = YES;
				CLANG_WARN_EMPTY_BODY = YES;
				CLANG_WARN_ENUM_CONVERSION = YES;
				CLANG_WARN_INFINITE_RECURSION = YES;
				CLANG_WARN_INT_CONVERSION = YES;
				CLANG_WARN_NON_LITERAL_NULL_CONVERSION = YES;
				CLANG_WARN_OBJC_LITERAL_CONVERSION = YES;
				CLANG_WARN_OBJC_ROOT_CLASS = YES_ERROR;
				CLANG_WARN_RANGE_LOOP_ANALYSIS = YES;
				CLANG_WARN_STRICT_PROTOTYPES = YES;
				CLANG_WARN_SUSPICIOUS_MOVE = YES;
				CLANG_WARN_UNGUARDED_AVAILABILITY = YES_AGGRESSIVE;
				CLANG_WARN_UNREACHABLE_CODE = YES;
				CLANG_WARN__DUPLICATE_METHOD_MATCH = YES;
				CODE_SIGN_IDENTITY = "iPhone Developer";
				COPY_PHASE_STRIP = NO;
				DEBUG_INFORMATION_FORMAT = "dwarf-with-dsym";
				ENABLE_NS_ASSERTIONS = NO;
				ENABLE_STRICT_OBJC_MSGSEND = YES;
				GCC_C_LANGUAGE_STANDARD = gnu11;
				GCC_NO_COMMON_BLOCKS = YES;
				GCC_WARN_64_TO_32_BIT_CONVERSION = YES;
				GCC_WARN_ABOUT_RETURN_TYPE = YES_ERROR;
				GCC_WARN_UNDECLARED_SELECTOR = YES;
				GCC_WARN_UNINITIALIZED_AUTOS = YES_AGGRESSIVE;
				GCC_WARN_UNUSED_FUNCTION = YES;
				GCC_WARN_UNUSED_VARIABLE = YES;
				IPHONEOS_DEPLOYMENT_TARGET = 11.1;
				MTL_ENABLE_DEBUG_INFO = NO;
				SDKROOT = iphoneos;
				SWIFT_OPTIMIZATION_LEVEL = "-Owholemodule";
				VALIDATE_PRODUCT = YES;
			};
			name = Release;
		};
		507F479C1FF4EF2E0043C317 /* Debug */ = {
			isa = XCBuildConfiguration;
			buildSettings = {
				ASSETCATALOG_COMPILER_APPICON_NAME = AppIcon;
				CODE_SIGN_STYLE = Automatic;
				INFOPLIST_FILE = "Tappy Hands/Info.plist";
				LD_RUNPATH_SEARCH_PATHS = "$(inherited) @executable_path/Frameworks";
				PRODUCT_BUNDLE_IDENTIFIER = "bevesto.Tappy-Hands";
				PRODUCT_NAME = "$(TARGET_NAME)";
				SWIFT_VERSION = 4.0;
				TARGETED_DEVICE_FAMILY = "1,2";
			};
			name = Debug;
		};
		507F479D1FF4EF2E0043C317 /* Release */ = {
			isa = XCBuildConfiguration;
			buildSettings = {
				ASSETCATALOG_COMPILER_APPICON_NAME = AppIcon;
				CODE_SIGN_STYLE = Automatic;
				INFOPLIST_FILE = "Tappy Hands/Info.plist";
				LD_RUNPATH_SEARCH_PATHS = "$(inherited) @executable_path/Frameworks";
				PRODUCT_BUNDLE_IDENTIFIER = "bevesto.Tappy-Hands";
				PRODUCT_NAME = "$(TARGET_NAME)";
				SWIFT_VERSION = 4.0;
				TARGETED_DEVICE_FAMILY = "1,2";
			};
			name = Release;
		};
/* End XCBuildConfiguration section */

/* Begin XCConfigurationList section */
		507F47841FF4EF2E0043C317 /* Build configuration list for PBXProject "Tappy Hands" */ = {
			isa = XCConfigurationList;
			buildConfigurations = (
				507F47991FF4EF2E0043C317 /* Debug */,
				507F479A1FF4EF2E0043C317 /* Release */,
			);
			defaultConfigurationIsVisible = 0;
			defaultConfigurationName = Release;
		};
		507F479B1FF4EF2E0043C317 /* Build configuration list for PBXNativeTarget "Tappy Hands" */ = {
			isa = XCConfigurationList;
			buildConfigurations = (
				507F479C1FF4EF2E0043C317 /* Debug */,
				507F479D1FF4EF2E0043C317 /* Release */,
			);
			defaultConfigurationIsVisible = 0;
			defaultConfigurationName = Release;
		};
/* End XCConfigurationList section */
	};
	rootObject = 507F47811FF4EF2E0043C317 /* Project object */;
}
